// !$*UTF8*$!
{
	archiveVersion = 1;
	classes = {
	};
	objectVersion = 46;
	objects = {

/* Begin PBXBuildFile section */
		5674C76F171A0EEE0046E9C2 /* main.cpp in Sources */ = {isa = PBXBuildFile; fileRef = 5674C76E171A0EEE0046E9C2 /* main.cpp */; };
		5674C771171A0EEE0046E9C2 /* WordCounter.1 in CopyFiles */ = {isa = PBXBuildFile; fileRef = 5674C770171A0EEE0046E9C2 /* WordCounter.1 */; };
/* End PBXBuildFile section */

/* Begin PBXCopyFilesBuildPhase section */
		5674C769171A0EEE0046E9C2 /* CopyFiles */ = {
			isa = PBXCopyFilesBuildPhase;
			buildActionMask = 2147483647;
			dstPath = /usr/share/man/man1/;
			dstSubfolderSpec = 0;
			files = (
				5674C771171A0EEE0046E9C2 /* WordCounter.1 in CopyFiles */,
			);
			runOnlyForDeploymentPostprocessing = 1;
		};
/* End PBXCopyFilesBuildPhase section */

/* Begin PBXFileReference section */
		5674C76B171A0EEE0046E9C2 /* WordCounter */ = {isa = PBXFileReference; explicitFileType = "compiled.mach-o.executable"; includeInIndex = 0; path = WordCounter; sourceTree = BUILT_PRODUCTS_DIR; };
		5674C76E171A0EEE0046E9C2 /* main.cpp */ = {isa = PBXFileReference; lastKnownFileType = sourcecode.cpp.cpp; path = main.cpp; sourceTree = "<group>"; };
		5674C770171A0EEE0046E9C2 /* WordCounter.1 */ = {isa = PBXFileReference; lastKnownFileType = text.man; path = WordCounter.1; sourceTree = "<group>"; };
/* End PBXFileReference section */

/* Begin PBXFrameworksBuildPhase section */
		5674C768171A0EEE0046E9C2 /* Frameworks */ = {
			isa = PBXFrameworksBuildPhase;
			buildActionMask = 2147483647;
			files = (
			);
			runOnlyForDeploymentPostprocessing = 0;
		};
/* End PBXFrameworksBuildPhase section */

/* Begin PBXGroup section */
		5674C762171A0EEE0046E9C2 = {
			isa = PBXGroup;
			children = (
				5674C76D171A0EEE0046E9C2 /* WordCounter */,
				5674C76C171A0EEE0046E9C2 /* Products */,
			);
			sourceTree = "<group>";
		};
		5674C76C171A0EEE0046E9C2 /* Products */ = {
			isa = PBXGroup;
			children = (
				5674C76B171A0EEE0046E9C2 /* WordCounter */,
			);
			name = Products;
			sourceTree = "<group>";
		};
		5674C76D171A0EEE0046E9C2 /* WordCounter */ = {
			isa = PBXGroup;
			children = (
				5674C76E171A0EEE0046E9C2 /* main.cpp */,
				5674C770171A0EEE0046E9C2 /* WordCounter.1 */,
			);
			path = WordCounter;
			sourceTree = "<group>";
		};
/* End PBXGroup section */

/* Begin PBXNativeTarget section */
		5674C76A171A0EEE0046E9C2 /* WordCounter */ = {
			isa = PBXNativeTarget;
			buildConfigurationList = 5674C774171A0EEE0046E9C2 /* Build configuration list for PBXNativeTarget "WordCounter" */;
			buildPhases = (
				5674C767171A0EEE0046E9C2 /* Sources */,
				5674C768171A0EEE0046E9C2 /* Frameworks */,
				5674C769171A0EEE0046E9C2 /* CopyFiles */,
			);
			buildRules = (
			);
			dependencies = (
			);
			name = WordCounter;
			productName = WordCounter;
			productReference = 5674C76B171A0EEE0046E9C2 /* WordCounter */;
			productType = "com.apple.product-type.tool";
		};
/* End PBXNativeTarget section */

/* Begin PBXProject section */
		5674C763171A0EEE0046E9C2 /* Project object */ = {
			isa = PBXProject;
			attributes = {
				LastUpgradeCheck = 0460;
				ORGANIZATIONNAME = "Oguzhan Gungor";
			};
			buildConfigurationList = 5674C766171A0EEE0046E9C2 /* Build configuration list for PBXProject "WordCounter" */;
			compatibilityVersion = "Xcode 3.2";
			developmentRegion = English;
			hasScannedForEncodings = 0;
			knownRegions = (
				en,
			);
			mainGroup = 5674C762171A0EEE0046E9C2;
			productRefGroup = 5674C76C171A0EEE0046E9C2 /* Products */;
			projectDirPath = "";
			projectRoot = "";
			targets = (
				5674C76A171A0EEE0046E9C2 /* WordCounter */,
			);
		};
/* End PBXProject section */

/* Begin PBXSourcesBuildPhase section */
		5674C767171A0EEE0046E9C2 /* Sources */ = {
			isa = PBXSourcesBuildPhase;
			buildActionMask = 2147483647;
			files = (
				5674C76F171A0EEE0046E9C2 /* main.cpp in Sources */,
			);
			runOnlyForDeploymentPostprocessing = 0;
		};
/* End PBXSourcesBuildPhase section */

/* Begin XCBuildConfiguration section */
		5674C772171A0EEE0046E9C2 /* Debug */ = {
			isa = XCBuildConfiguration;
			buildSettings = {
				ALWAYS_SEARCH_USER_PATHS = NO;
				ARCHS = "$(ARCHS_STANDARD_64_BIT)";
				CLANG_CXX_LANGUAGE_STANDARD = "gnu++0x";
				CLANG_CXX_LIBRARY = "libc++";
				CLANG_WARN_CONSTANT_CONVERSION = YES;
				CLANG_WARN_EMPTY_BODY = YES;
				CLANG_WARN_ENUM_CONVERSION = YES;
				CLANG_WARN_INT_CONVERSION = YES;
				CLANG_WARN__DUPLICATE_METHOD_MATCH = YES;
				COPY_PHASE_STRIP = NO;
				GCC_C_LANGUAGE_STANDARD = gnu99;
				GCC_DYNAMIC_NO_PIC = NO;
				GCC_ENABLE_OBJC_EXCEPTIONS = YES;
				GCC_OPTIMIZATION_LEVEL = 0;
				GCC_PREPROCESSOR_DEFINITIONS = (
					"DEBUG=1",
					"$(inherited)",
				);
				GCC_SYMBOLS_PRIVATE_EXTERN = NO;
				GCC_WARN_64_TO_32_BIT_CONVERSION = YES;
				GCC_WARN_ABOUT_RETURN_TYPE = YES;
				GCC_WARN_UNINITIALIZED_AUTOS = YES;
				GCC_WARN_UNUSED_VARIABLE = YES;
				MACOSX_DEPLOYMENT_TARGET = 10.8;
				ONLY_ACTIVE_ARCH = YES;
				SDKROOT = macosx;
			};
			name = Debug;
		};
		5674C773171A0EEE0046E9C2 /* Release */ = {
			isa = XCBuildConfiguration;
			buildSettings = {
				ALWAYS_SEARCH_USER_PATHS = NO;
				ARCHS = "$(ARCHS_STANDARD_64_BIT)";
				CLANG_CXX_LANGUAGE_STANDARD = "gnu++0x";
				CLANG_CXX_LIBRARY = "libc++";
				CLANG_WARN_CONSTANT_CONVERSION = YES;
				CLANG_WARN_EMPTY_BODY = YES;
				CLANG_WARN_ENUM_CONVERSION = YES;
				CLANG_WARN_INT_CONVERSION = YES;
				CLANG_WARN__DUPLICATE_METHOD_MATCH = YES;
				COPY_PHASE_STRIP = YES;
				DEBUG_INFORMATION_FORMAT = "dwarf-with-dsym";
				GCC_C_LANGUAGE_STANDARD = gnu99;
				GCC_ENABLE_OBJC_EXCEPTIONS = YES;
				GCC_WARN_64_TO_32_BIT_CONVERSION = YES;
				GCC_WARN_ABOUT_RETURN_TYPE = YES;
				GCC_WARN_UNINITIALIZED_AUTOS = YES;
				GCC_WARN_UNUSED_VARIABLE = YES;
				MACOSX_DEPLOYMENT_TARGET = 10.8;
				SDKROOT = macosx;
			};
			name = Release;
		};
		5674C775171A0EEE0046E9C2 /* Debug */ = {
			isa = XCBuildConfiguration;
			buildSettings = {
				PRODUCT_NAME = "$(TARGET_NAME)";
			};
			name = Debug;
		};
		5674C776171A0EEE0046E9C2 /* Release */ = {
			isa = XCBuildConfiguration;
			buildSettings = {
				PRODUCT_NAME = "$(TARGET_NAME)";
			};
			name = Release;
		};
/* End XCBuildConfiguration section */

/* Begin XCConfigurationList section */
		5674C766171A0EEE0046E9C2 /* Build configuration list for PBXProject "WordCounter" */ = {
			isa = XCConfigurationList;
			buildConfigurations = (
				5674C772171A0EEE0046E9C2 /* Debug */,
				5674C773171A0EEE0046E9C2 /* Release */,
			);
			defaultConfigurationIsVisible = 0;
			defaultConfigurationName = Release;
		};
		5674C774171A0EEE0046E9C2 /* Build configuration list for PBXNativeTarget "WordCounter" */ = {
			isa = XCConfigurationList;
			buildConfigurations = (
				5674C775171A0EEE0046E9C2 /* Debug */,
				5674C776171A0EEE0046E9C2 /* Release */,
			);
			defaultConfigurationIsVisible = 0;
		};
/* End XCConfigurationList section */
	};
	rootObject = 5674C763171A0EEE0046E9C2 /* Project object */;
}
